{
  "nodes": {
    "nixpkgs": {
      "locked": {
        "lastModified": 1700612854,
        "narHash": "sha256-yrQ8osMD+vDLGFX7pcwsY/Qr5PUd6OmDMYJZzZi0+zc=",
        "owner": "NixOS",
        "repo": "nixpkgs",
        "rev": "19cbff58383a4ae384dea4d1d0c823d72b49d614",
        "type": "github"
      },
      "original": {
        "id": "nixpkgs",
        "ref": "nixos-unstable",
        "type": "indirect"
      }
    },
    "nixrik": {
      "inputs": {
        "nixpkgs": [
          "nixpkgs"
        ]
      },
      "locked": {
        "lastModified": 1700913879,
        "narHash": "sha256-CdY66H+BQV91zJqbj222WC4hgBZEG3dyos++iLCmOIo=",
        "owner": "erikmannerfelt",
        "repo": "nixrik",
        "rev": "6d04b7ecfbee774be8ad6d04e4afea9961f7bddf",
        "type": "gitlab"
      },
      "original": {
        "owner": "erikmannerfelt",
        "repo": "nixrik",
        "type": "gitlab"
      }
    },
    "root": {
      "inputs": {
        "nixpkgs": "nixpkgs",
        "nixrik": "nixrik"
      }
    }
  },
  "root": "root",
  "version": 7
}
